<?xml version="1.0" encoding="utf-8"?>
<Project ToolsVersion="4.0" xmlns="http://schemas.microsoft.com/developer/msbuild/2003">
  <ItemGroup>
    <Filter Include="Source Files">
      <UniqueIdentifier>{4FC737F1-C7A5-4376-A066-2A32D752A2FF}</UniqueIdentifier>
      <Extensions>cpp;c;cc;cxx;c++;cppm;ixx;def;odl;idl;hpj;bat;asm;asmx</Extensions>
    </Filter>
    <Filter Include="Header Files">
      <UniqueIdentifier>{93995380-89BD-4b04-88EB-625FBE52EBFB}</UniqueIdentifier>
      <Extensions>h;hh;hpp;hxx;h++;hm;inl;inc;ipp;xsd</Extensions>
    </Filter>
    <Filter Include="Resource Files">
      <UniqueIdentifier>{67DA6AB6-F800-4c08-8B7A-83BB121AAD01}</UniqueIdentifier>
      <Extensions>rc;ico;cur;bmp;dlg;rc2;rct;bin;rgs;gif;jpg;jpeg;jpe;resx;tiff;tif;png;wav;mfcribbon-ms</Extensions>
    </Filter>
    <Filter Include="Source Files\utf8">
      <UniqueIdentifier>{b9161338-a060-4b6f-b1b8-c021d3c17b56}</UniqueIdentifier>
    </Filter>
    <Filter Include="Header Files\utf8">
      <UniqueIdentifier>{97b263ac-314c-40c5-85b6-f80494c963bf}</UniqueIdentifier>
    </Filter>
  </ItemGroup>
  <ItemGroup>
    <ClInclude Include="..\..\src\text\bstring.h">
      <Filter>Header Files</Filter>
    </ClInclude>
    <ClInclude Include="..\..\src\text\extension.h">
      <Filter>Header Files</Filter>
    </ClInclude>
    <ClInclude Include="..\..\src\text\rstring.h">
      <Filter>Header Files</Filter>
    </ClInclude>
    <ClInclude Include="..\..\src\text\utf8\groups.h">
      <Filter>Header Files\utf8</Filter>
    </ClInclude>
    <ClInclude Include="..\..\src\text\runes.h">
      <Filter>Header Files\utf8</Filter>
    </ClInclude>
    <ClInclude Include="..\..\src\text\utf8\tables.h">
      <Filter>Header Files\utf8</Filter>
    </ClInclude>
    <ClInclude Include="..\..\src\text\utf8\utf8.h">
      <Filter>Header Files\utf8</Filter>
    </ClInclude>
  </ItemGroup>
  <ItemGroup>
    <ClCompile Include="..\..\src\text\utf8\case.c">
      <Filter>Source Files\utf8</Filter>
    </ClCompile>
    <ClCompile Include="..\..\src\text\utf8\rune.c">
      <Filter>Source Files\utf8</Filter>
    </ClCompile>
    <ClCompile Include="..\..\src\text\utf8\utf8.c">
      <Filter>Source Files\utf8</Filter>
    </ClCompile>
    <ClCompile Include="..\..\src\text\bstring.c">
      <Filter>Source Files</Filter>
    </ClCompile>
    <ClCompile Include="..\..\src\text\extension.c">
      <Filter>Source Files</Filter>
    </ClCompile>
    <ClCompile Include="..\..\src\text\rstring.c">
      <Filter>Source Files</Filter>
    </ClCompile>
    <ClCompile Include="..\..\src\text\runes.c">
      <Filter>Source Files</Filter>
    </ClCompile>
    <ClCompile Include="..\..\src\sqlite3-text.c">
      <Filter>Source Files</Filter>
    </ClCompile>
  </ItemGroup>
</Project>